
Microsoft Visual Studio Solution File, Format Version 12.00
# Visual Studio Version 16
VisualStudioVersion = 16.0.30011.22
MinimumVisualStudioVersion = 10.0.40219.1
Project("{FAE04EC0-301F-11D3-BF4B-00C04F79EFBC}") = "WindowsFormsApp1", "WindowsFormsApp1.csproj", "{BAC97749-C6E4-460F-94CB-0B689A8D18D8}"
EndProject
Global
	GlobalSection(SolutionConfigurationPlatforms) = preSolution
		Debug|Any CPU = Debug|Any CPU
		Release|Any CPU = Release|Any CPU
	EndGlobalSection
	GlobalSection(ProjectConfigurationPlatforms) = postSolution
		{BAC97749-C6E4-460F-94CB-0B689A8D18D8}.Debug|Any CPU.ActiveCfg = Debug|Any CPU
		{BAC97749-C6E4-460F-94CB-0B689A8D18D8}.Debug|Any CPU.Build.0 = Debug|Any CPU
		{BAC97749-C6E4-460F-94CB-0B689A8D18D8}.Release|Any CPU.ActiveCfg = Release|Any CPU
		{BAC97749-C6E4-460F-94CB-0B689A8D18D8}.Release|Any CPU.Build.0 = Release|Any CPU
	EndGlobalSection
	GlobalSection(SolutionProperties) = preSolution
		HideSolutionNode = FALSE
	EndGlobalSection
	GlobalSection(ExtensibilityGlobals) = postSolution
		SolutionGuid = {772CF5E3-799D-4F0D-907E-835BCC977734}
	EndGlobalSection
EndGlobal
